
Microsoft Visual Studio Solution File, Format Version 12.00
# Visual Studio Version 17
VisualStudioVersion = 17.4.33213.308
MinimumVisualStudioVersion = 10.0.40219.1
Project("{FAE04EC0-301F-11D3-BF4B-00C04F79EFBC}") = "task1", "task1\task1.csproj", "{0AED4D57-EEB4-4F82-A5A9-15F0604F2DDE}"
EndProject
Global
	GlobalSection(SolutionConfigurationPlatforms) = preSolution
		Debug|Any CPU = Debug|Any CPU
		Release|Any CPU = Release|Any CPU
	EndGlobalSection
	GlobalSection(ProjectConfigurationPlatforms) = postSolution
		{0AED4D57-EEB4-4F82-A5A9-15F0604F2DDE}.Debug|Any CPU.ActiveCfg = Debug|Any CPU
		{0AED4D57-EEB4-4F82-A5A9-15F0604F2DDE}.Debug|Any CPU.Build.0 = Debug|Any CPU
		{0AED4D57-EEB4-4F82-A5A9-15F0604F2DDE}.Release|Any CPU.ActiveCfg = Release|Any CPU
		{0AED4D57-EEB4-4F82-A5A9-15F0604F2DDE}.Release|Any CPU.Build.0 = Release|Any CPU
	EndGlobalSection
	GlobalSection(SolutionProperties) = preSolution
		HideSolutionNode = FALSE
	EndGlobalSection
	GlobalSection(ExtensibilityGlobals) = postSolution
		SolutionGuid = {A1FF3169-0F4B-4EFD-A4A9-4D893C4927D3}
	EndGlobalSection
EndGlobal
